{
  "name": "vue-cli-first",
  "lockfileVersion": 2,
  "requires": true,
  "packages": {
    "": {
      "dependencies": {
        "bootstrap": "^5.1.3",
        "emoji-picker-element": "^1.11.1"
      }
    },
    "node_modules/@popperjs/core": {
      "version": "2.11.4",
      "resolved": "https://registry.npmjs.org/@popperjs/core/-/core-2.11.4.tgz",
      "integrity": "sha512-q/ytXxO5NKvyT37pmisQAItCFqA7FD/vNb8dgaJy3/630Fsc+Mz9/9f2SziBoIZ30TJooXyTwZmhi1zjXmObYg==",
      "peer": true,
      "funding": {
        "type": "opencollective",
        "url": "https://opencollective.com/popperjs"
      }
    },
    "node_modules/bootstrap": {
      "version": "5.1.3",
      "resolved": "https://registry.npmjs.org/bootstrap/-/bootstrap-5.1.3.tgz",
      "integrity": "sha512-fcQztozJ8jToQWXxVuEyXWW+dSo8AiXWKwiSSrKWsRB/Qt+Ewwza+JWoLKiTuQLaEPhdNAJ7+Dosc9DOIqNy7Q==",
      "funding": {
        "type": "opencollective",
        "url": "https://opencollective.com/bootstrap"
      },
      "peerDependencies": {
        "@popperjs/core": "^2.10.2"
      }
    },
    "node_modules/emoji-picker-element": {
      "version": "1.11.1",
      "resolved": "https://registry.npmjs.org/emoji-picker-element/-/emoji-picker-element-1.11.1.tgz",
      "integrity": "sha512-xF8tUKr9WIXpS6gcrQgZC7ghdcbzamknKF7t9+81bJHjQEXzMGSwhyvZrx2S3XeNFtKcx9RqwwGStog5iUjZeQ=="
    }
  },
  "dependencies": {
    "@popperjs/core": {
      "version": "2.11.4",
      "resolved": "https://registry.npmjs.org/@popperjs/core/-/core-2.11.4.tgz",
      "integrity": "sha512-q/ytXxO5NKvyT37pmisQAItCFqA7FD/vNb8dgaJy3/630Fsc+Mz9/9f2SziBoIZ30TJooXyTwZmhi1zjXmObYg==",
      "peer": true
    },
    "bootstrap": {
      "version": "5.1.3",
      "resolved": "https://registry.npmjs.org/bootstrap/-/bootstrap-5.1.3.tgz",
      "integrity": "sha512-fcQztozJ8jToQWXxVuEyXWW+dSo8AiXWKwiSSrKWsRB/Qt+Ewwza+JWoLKiTuQLaEPhdNAJ7+Dosc9DOIqNy7Q==",
      "requires": {}
    },
    "emoji-picker-element": {
      "version": "1.11.1",
      "resolved": "https://registry.npmjs.org/emoji-picker-element/-/emoji-picker-element-1.11.1.tgz",
      "integrity": "sha512-xF8tUKr9WIXpS6gcrQgZC7ghdcbzamknKF7t9+81bJHjQEXzMGSwhyvZrx2S3XeNFtKcx9RqwwGStog5iUjZeQ=="
    }
  }
}
