{
  "name": "vue-cli-first",
  "lockfileVersion": 2,
  "requires": true,
  "packages": {
    "": {
      "dependencies": {
        "emoji-picker-element": "^1.11.1"
      }
    },
    "node_modules/emoji-picker-element": {
      "version": "1.11.1",
      "resolved": "https://registry.npmjs.org/emoji-picker-element/-/emoji-picker-element-1.11.1.tgz",
      "integrity": "sha512-xF8tUKr9WIXpS6gcrQgZC7ghdcbzamknKF7t9+81bJHjQEXzMGSwhyvZrx2S3XeNFtKcx9RqwwGStog5iUjZeQ=="
    }
  },
  "dependencies": {
    "emoji-picker-element": {
      "version": "1.11.1",
      "resolved": "https://registry.npmjs.org/emoji-picker-element/-/emoji-picker-element-1.11.1.tgz",
      "integrity": "sha512-xF8tUKr9WIXpS6gcrQgZC7ghdcbzamknKF7t9+81bJHjQEXzMGSwhyvZrx2S3XeNFtKcx9RqwwGStog5iUjZeQ=="
    }
  }
}
